
Microsoft Visual Studio Solution File, Format Version 12.00
# Visual Studio Version 16
VisualStudioVersion = 16.0.30330.147
MinimumVisualStudioVersion = 10.0.40219.1
Project("{FAE04EC0-301F-11D3-BF4B-00C04F79EFBC}") = "XSKT", "XSKT.csproj", "{BFE348CE-83A2-4818-9DB4-09804E30293C}"
EndProject
Global
	GlobalSection(SolutionConfigurationPlatforms) = preSolution
		Debug|Any CPU = Debug|Any CPU
		Release|Any CPU = Release|Any CPU
	EndGlobalSection
	GlobalSection(ProjectConfigurationPlatforms) = postSolution
		{BFE348CE-83A2-4818-9DB4-09804E30293C}.Debug|Any CPU.ActiveCfg = Debug|Any CPU
		{BFE348CE-83A2-4818-9DB4-09804E30293C}.Debug|Any CPU.Build.0 = Debug|Any CPU
		{BFE348CE-83A2-4818-9DB4-09804E30293C}.Release|Any CPU.ActiveCfg = Release|Any CPU
		{BFE348CE-83A2-4818-9DB4-09804E30293C}.Release|Any CPU.Build.0 = Release|Any CPU
	EndGlobalSection
	GlobalSection(SolutionProperties) = preSolution
		HideSolutionNode = FALSE
	EndGlobalSection
	GlobalSection(ExtensibilityGlobals) = postSolution
		SolutionGuid = {A6E1FEEC-B336-4B21-90CC-FE2D6CB5DB87}
	EndGlobalSection
EndGlobal
